
Microsoft Visual Studio Solution File, Format Version 12.00
# Visual Studio Version 16
VisualStudioVersion = 16.0.30907.101
MinimumVisualStudioVersion = 10.0.40219.1
Project("{9A19103F-16F7-4668-BE54-9A1E7A4F7556}") = "App.WebClient", "App.Web\App.WebClient.csproj", "{CA77FAD4-4ADB-40C2-A1E3-5DBB3078AD1B}"
EndProject
Project("{9A19103F-16F7-4668-BE54-9A1E7A4F7556}") = "HneuConferenсe", "HneuConferenсe\HneuConferenсe.csproj", "{FE2DC12A-AEAE-4503-BD78-4A66778C86B2}"
EndProject
Global
	GlobalSection(SolutionConfigurationPlatforms) = preSolution
		Debug|Any CPU = Debug|Any CPU
		Release|Any CPU = Release|Any CPU
	EndGlobalSection
	GlobalSection(ProjectConfigurationPlatforms) = postSolution
		{CA77FAD4-4ADB-40C2-A1E3-5DBB3078AD1B}.Debug|Any CPU.ActiveCfg = Debug|Any CPU
		{CA77FAD4-4ADB-40C2-A1E3-5DBB3078AD1B}.Debug|Any CPU.Build.0 = Debug|Any CPU
		{CA77FAD4-4ADB-40C2-A1E3-5DBB3078AD1B}.Release|Any CPU.ActiveCfg = Release|Any CPU
		{CA77FAD4-4ADB-40C2-A1E3-5DBB3078AD1B}.Release|Any CPU.Build.0 = Release|Any CPU
		{FE2DC12A-AEAE-4503-BD78-4A66778C86B2}.Debug|Any CPU.ActiveCfg = Debug|Any CPU
		{FE2DC12A-AEAE-4503-BD78-4A66778C86B2}.Debug|Any CPU.Build.0 = Debug|Any CPU
		{FE2DC12A-AEAE-4503-BD78-4A66778C86B2}.Release|Any CPU.ActiveCfg = Release|Any CPU
		{FE2DC12A-AEAE-4503-BD78-4A66778C86B2}.Release|Any CPU.Build.0 = Release|Any CPU
	EndGlobalSection
	GlobalSection(SolutionProperties) = preSolution
		HideSolutionNode = FALSE
	EndGlobalSection
	GlobalSection(ExtensibilityGlobals) = postSolution
		SolutionGuid = {3115C32C-2C85-4428-8290-775ADB84B747}
	EndGlobalSection
EndGlobal
